
Microsoft Visual Studio Solution File, Format Version 12.00
# Visual Studio Version 17
VisualStudioVersion = 17.3.32901.215
MinimumVisualStudioVersion = 10.0.40219.1
Project("{FAE04EC0-301F-11D3-BF4B-00C04F79EFBC}") = "logowaniePAD", "logowaniePAD\logowaniePAD.csproj", "{BD6B95DE-74D1-4DAF-A232-7F296F743781}"
EndProject
Global
	GlobalSection(SolutionConfigurationPlatforms) = preSolution
		Debug|Any CPU = Debug|Any CPU
		Release|Any CPU = Release|Any CPU
	EndGlobalSection
	GlobalSection(ProjectConfigurationPlatforms) = postSolution
		{BD6B95DE-74D1-4DAF-A232-7F296F743781}.Debug|Any CPU.ActiveCfg = Debug|Any CPU
		{BD6B95DE-74D1-4DAF-A232-7F296F743781}.Debug|Any CPU.Build.0 = Debug|Any CPU
		{BD6B95DE-74D1-4DAF-A232-7F296F743781}.Release|Any CPU.ActiveCfg = Release|Any CPU
		{BD6B95DE-74D1-4DAF-A232-7F296F743781}.Release|Any CPU.Build.0 = Release|Any CPU
	EndGlobalSection
	GlobalSection(SolutionProperties) = preSolution
		HideSolutionNode = FALSE
	EndGlobalSection
	GlobalSection(ExtensibilityGlobals) = postSolution
		SolutionGuid = {3A28CDA2-7DBE-41A0-B0B1-DB76038716B4}
	EndGlobalSection
EndGlobal
